{
  "current_commit": "fa30896a0c35910a70c2fce10bbebf762a674f08",
  "working_tree_dirty": true,
  "generated_at": "2026-08-09T20:48:19Z",
  "scanned_scope": [
    "."
  ],
  "excluded_directories": [
    ".cache",
    ".git",
    ".hg",
    ".next",
    ".nuxt",
    ".scratch",
    ".svn",
    ".turbo",
    ".venv",
    "__pycache__",
    "build",
    "coverage",
    "dist",
    "docs/codemap",
    "generated",
    "node_modules",
    "out",
    "target",
    "vendor",
    "venv"
  ],
  "fingerprint_algorithm": "sha256-path-content-v1",
  "modules": [
    {
      "id": ".",
      "path": ".",
      "file_count": 16,
      "fingerprint": "588a24a1b5710fe0ea53a6fc05b6e6f2eb6a7ad44651fa7cf41b16f72aaa79f8"
    },
    {
      "id": ".github",
      "path": ".github",
      "file_count": 2,
      "fingerprint": "9f919c839af5183a577e223abed64b21cdac858245e588ba79ef1ce68e902559"
    },
    {
      "id": "components",
      "path": "components",
      "file_count": 9,
      "fingerprint": "d99fdec8000d3422c66a9fdc5cea62ef5b1783093bda06fd3b957878d831b8ae"
    },
    {
      "id": "docs",
      "path": "docs",
      "file_count": 12,
      "fingerprint": "c8da0da99bf53b1827d51c54e6ee7489e284c3313621a6c837863e6900c2ffff"
    },
    {
      "id": "hooks",
      "path": "hooks",
      "file_count": 1,
      "fingerprint": "de7fc34388f9ee7000da709200ecc91648606e3d401f16cb125e41b0f8a9398d"
    },
    {
      "id": "lib",
      "path": "lib",
      "file_count": 10,
      "fingerprint": "86bdd7afea0966fd70fd59265bc1d2f9f7efb1384921bdffc1b33c8ca5d568a2"
    },
    {
      "id": "public",
      "path": "public",
      "file_count": 1,
      "fingerprint": "b2b3b8c1dd11c2c59363851e803a49499b786a5647caa4038f97effaa6ee102d"
    },
    {
      "id": "tests",
      "path": "tests",
      "file_count": 1,
      "fingerprint": "613da84b74d7720b0d2c2f9aa00a8495a66f22a242f4a7bf098b293eb56a9abd"
    }
  ]
}
