{
  "current_commit": "7d1f1b2d08cc5bc7672fd1210c8ccdf3b2fb1921",
  "working_tree_dirty": true,
  "generated_at": "2026-08-09T21:10:10Z",
  "scanned_scope": [
    "."
  ],
  "excluded_directories": [
    ".cache",
    ".git",
    ".hg",
    ".next",
    ".nuxt",
    ".scratch",
    ".svn",
    ".turbo",
    ".venv",
    "__pycache__",
    "build",
    "coverage",
    "dist",
    "docs/codemap",
    "generated",
    "node_modules",
    "out",
    "target",
    "vendor",
    "venv"
  ],
  "fingerprint_algorithm": "sha256-path-content-v1",
  "modules": [
    {
      "id": ".",
      "path": ".",
      "file_count": 17,
      "fingerprint": "162c137b2aaf6084ca7233c1a2c3857b3c30e9ae0d935d8608cdcceca27e6a22"
    },
    {
      "id": ".github",
      "path": ".github",
      "file_count": 2,
      "fingerprint": "9f919c839af5183a577e223abed64b21cdac858245e588ba79ef1ce68e902559"
    },
    {
      "id": ".vscode",
      "path": ".vscode",
      "file_count": 1,
      "fingerprint": "79ff5edd332a77315218bf86531e2fb260c5810ad4aed3b863b7eb8f8b522353"
    },
    {
      "id": "components",
      "path": "components",
      "file_count": 9,
      "fingerprint": "d99fdec8000d3422c66a9fdc5cea62ef5b1783093bda06fd3b957878d831b8ae"
    },
    {
      "id": "docs",
      "path": "docs",
      "file_count": 12,
      "fingerprint": "372a01b969c8347ce0b493b9a997bf993e0c514e67ea5646ef65ec6760e4fd9b"
    },
    {
      "id": "hooks",
      "path": "hooks",
      "file_count": 1,
      "fingerprint": "de7fc34388f9ee7000da709200ecc91648606e3d401f16cb125e41b0f8a9398d"
    },
    {
      "id": "lib",
      "path": "lib",
      "file_count": 10,
      "fingerprint": "86bdd7afea0966fd70fd59265bc1d2f9f7efb1384921bdffc1b33c8ca5d568a2"
    },
    {
      "id": "public",
      "path": "public",
      "file_count": 1,
      "fingerprint": "b2b3b8c1dd11c2c59363851e803a49499b786a5647caa4038f97effaa6ee102d"
    },
    {
      "id": "tests",
      "path": "tests",
      "file_count": 1,
      "fingerprint": "613da84b74d7720b0d2c2f9aa00a8495a66f22a242f4a7bf098b293eb56a9abd"
    }
  ]
}
