{
  "current_commit": "3e29ce81650c2c69eee069065ab67a74bf44339f",
  "working_tree_dirty": true,
  "generated_at": "2026-08-08T10:30:41Z",
  "scanned_scope": [
    "."
  ],
  "excluded_directories": [
    ".cache",
    ".git",
    ".hg",
    ".next",
    ".nuxt",
    ".svn",
    ".turbo",
    ".venv",
    "__pycache__",
    "build",
    "coverage",
    "dist",
    "docs/codemap",
    "generated",
    "node_modules",
    "out",
    "target",
    "vendor",
    "venv"
  ],
  "fingerprint_algorithm": "sha256-path-content-v1",
  "modules": [
    {
      "id": ".",
      "path": ".",
      "file_count": 16,
      "fingerprint": "4ddcde226738ac301ac9270253e5b96e635e8424e70feda415aec68ddf34437a"
    },
    {
      "id": ".github",
      "path": ".github",
      "file_count": 2,
      "fingerprint": "d65989637b7f421f9161d48465db9e186720b2da72181ecf9648725ee4d6d4ef"
    },
    {
      "id": "components",
      "path": "components",
      "file_count": 9,
      "fingerprint": "0581de25a87eaf5a10c1d2e66f21799665538f11389d0f37791d95b980e92abb"
    },
    {
      "id": "docs",
      "path": "docs",
      "file_count": 12,
      "fingerprint": "5d4620d82df06b6f53dee62f867ecefa1713fefbc62678be0db816cbb6d27aa6"
    },
    {
      "id": "hooks",
      "path": "hooks",
      "file_count": 1,
      "fingerprint": "887a43263a445ef521ac22f1be9e425ba749d5283dd3483e82ce1252e13d0a1b"
    },
    {
      "id": "lib",
      "path": "lib",
      "file_count": 10,
      "fingerprint": "9183bb170ae6a9f8f35da2065b5d53a44eec13357dc38c14879ffd4e9fa1ffb5"
    },
    {
      "id": "public",
      "path": "public",
      "file_count": 1,
      "fingerprint": "b2b3b8c1dd11c2c59363851e803a49499b786a5647caa4038f97effaa6ee102d"
    },
    {
      "id": "tests",
      "path": "tests",
      "file_count": 1,
      "fingerprint": "b34c41427c5b5e68dbd8e6811b8a02ead18836e65ddb7696d67a0362600f53f9"
    }
  ]
}
